
Microsoft Visual Studio Solution File, Format Version 12.00
# Visual Studio Version 16
VisualStudioVersion = 16.0.30711.63
MinimumVisualStudioVersion = 10.0.40219.1
Project("{9A19103F-16F7-4668-BE54-9A1E7A4F7556}") = "MicroService.Api", "MicroService.Api\MicroService.Api.csproj", "{B9673951-846F-4B7E-9055-D171C05D364D}"
EndProject
Project("{9A19103F-16F7-4668-BE54-9A1E7A4F7556}") = "MicroService.AuthenticationCenter", "MicroService.AuthenticationCenter\MicroService.AuthenticationCenter.csproj", "{0697280B-7740-4B6C-9986-9F31A8CE29A9}"
EndProject
Project("{9A19103F-16F7-4668-BE54-9A1E7A4F7556}") = "MicroService.Gateway", "MicroService.Gateway\MicroService.Gateway.csproj", "{3C86DF1E-18EA-4623-821F-E376A94B2913}"
EndProject
Global
	GlobalSection(SolutionConfigurationPlatforms) = preSolution
		Debug|Any CPU = Debug|Any CPU
		Release|Any CPU = Release|Any CPU
	EndGlobalSection
	GlobalSection(ProjectConfigurationPlatforms) = postSolution
		{B9673951-846F-4B7E-9055-D171C05D364D}.Debug|Any CPU.ActiveCfg = Debug|Any CPU
		{B9673951-846F-4B7E-9055-D171C05D364D}.Debug|Any CPU.Build.0 = Debug|Any CPU
		{B9673951-846F-4B7E-9055-D171C05D364D}.Release|Any CPU.ActiveCfg = Release|Any CPU
		{B9673951-846F-4B7E-9055-D171C05D364D}.Release|Any CPU.Build.0 = Release|Any CPU
		{0697280B-7740-4B6C-9986-9F31A8CE29A9}.Debug|Any CPU.ActiveCfg = Debug|Any CPU
		{0697280B-7740-4B6C-9986-9F31A8CE29A9}.Debug|Any CPU.Build.0 = Debug|Any CPU
		{0697280B-7740-4B6C-9986-9F31A8CE29A9}.Release|Any CPU.ActiveCfg = Release|Any CPU
		{0697280B-7740-4B6C-9986-9F31A8CE29A9}.Release|Any CPU.Build.0 = Release|Any CPU
		{3C86DF1E-18EA-4623-821F-E376A94B2913}.Debug|Any CPU.ActiveCfg = Debug|Any CPU
		{3C86DF1E-18EA-4623-821F-E376A94B2913}.Debug|Any CPU.Build.0 = Debug|Any CPU
		{3C86DF1E-18EA-4623-821F-E376A94B2913}.Release|Any CPU.ActiveCfg = Release|Any CPU
		{3C86DF1E-18EA-4623-821F-E376A94B2913}.Release|Any CPU.Build.0 = Release|Any CPU
	EndGlobalSection
	GlobalSection(SolutionProperties) = preSolution
		HideSolutionNode = FALSE
	EndGlobalSection
	GlobalSection(ExtensibilityGlobals) = postSolution
		SolutionGuid = {DB0830B5-61F2-46FD-9FEA-84E526069F1B}
	EndGlobalSection
EndGlobal
